
Microsoft Visual Studio Solution File, Format Version 12.00
# Visual Studio Version 17
VisualStudioVersion = 17.2.32519.379
MinimumVisualStudioVersion = 10.0.40219.1
Project("{9A19103F-16F7-4668-BE54-9A1E7A4F7556}") = "Worksheet1", "Worksheet1\Worksheet1.csproj", "{83F4B900-6B99-45B6-9A30-180B93FAB80A}"
EndProject
Project("{9A19103F-16F7-4668-BE54-9A1E7A4F7556}") = "Queastion 1", "Queastion 1\Queastion 1.csproj", "{C1A819F8-99B3-49F0-9B6A-202D990584A0}"
EndProject
Project("{FAE04EC0-301F-11D3-BF4B-00C04F79EFBC}") = "Question 2", "Question 2\Question 2.csproj", "{030634F2-EC76-4C3F-A521-84084D376D77}"
EndProject
Project("{FAE04EC0-301F-11D3-BF4B-00C04F79EFBC}") = "Question 3", "Question 3\Question 3.csproj", "{1C7198DC-3464-4799-811E-0F3D8B9FB9CF}"
EndProject
Global
	GlobalSection(SolutionConfigurationPlatforms) = preSolution
		Debug|Any CPU = Debug|Any CPU
		Release|Any CPU = Release|Any CPU
	EndGlobalSection
	GlobalSection(ProjectConfigurationPlatforms) = postSolution
		{83F4B900-6B99-45B6-9A30-180B93FAB80A}.Debug|Any CPU.ActiveCfg = Debug|Any CPU
		{83F4B900-6B99-45B6-9A30-180B93FAB80A}.Debug|Any CPU.Build.0 = Debug|Any CPU
		{83F4B900-6B99-45B6-9A30-180B93FAB80A}.Release|Any CPU.ActiveCfg = Release|Any CPU
		{83F4B900-6B99-45B6-9A30-180B93FAB80A}.Release|Any CPU.Build.0 = Release|Any CPU
		{C1A819F8-99B3-49F0-9B6A-202D990584A0}.Debug|Any CPU.ActiveCfg = Debug|Any CPU
		{C1A819F8-99B3-49F0-9B6A-202D990584A0}.Debug|Any CPU.Build.0 = Debug|Any CPU
		{C1A819F8-99B3-49F0-9B6A-202D990584A0}.Release|Any CPU.ActiveCfg = Release|Any CPU
		{C1A819F8-99B3-49F0-9B6A-202D990584A0}.Release|Any CPU.Build.0 = Release|Any CPU
		{030634F2-EC76-4C3F-A521-84084D376D77}.Debug|Any CPU.ActiveCfg = Debug|Any CPU
		{030634F2-EC76-4C3F-A521-84084D376D77}.Debug|Any CPU.Build.0 = Debug|Any CPU
		{030634F2-EC76-4C3F-A521-84084D376D77}.Release|Any CPU.ActiveCfg = Release|Any CPU
		{030634F2-EC76-4C3F-A521-84084D376D77}.Release|Any CPU.Build.0 = Release|Any CPU
		{1C7198DC-3464-4799-811E-0F3D8B9FB9CF}.Debug|Any CPU.ActiveCfg = Debug|Any CPU
		{1C7198DC-3464-4799-811E-0F3D8B9FB9CF}.Debug|Any CPU.Build.0 = Debug|Any CPU
		{1C7198DC-3464-4799-811E-0F3D8B9FB9CF}.Release|Any CPU.ActiveCfg = Release|Any CPU
		{1C7198DC-3464-4799-811E-0F3D8B9FB9CF}.Release|Any CPU.Build.0 = Release|Any CPU
	EndGlobalSection
	GlobalSection(SolutionProperties) = preSolution
		HideSolutionNode = FALSE
	EndGlobalSection
	GlobalSection(ExtensibilityGlobals) = postSolution
		SolutionGuid = {82DF8F8C-F3A4-4B09-BE65-06B2C7ABD28D}
	EndGlobalSection
EndGlobal
